// !$*UTF8*$!
{
	archiveVersion = 1;
	classes = {
	};
	objectVersion = 51;
	objects = {

/* Begin PBXBuildFile section */
		0498B7E68808AA60F242C66F /* Pods_Ssmack.framework in Frameworks */ = {isa = PBXBuildFile; fileRef = 0CA621E46C50606F7D512378 /* Pods_Ssmack.framework */; };
		8AF26A5623FCAF1700CF3F18 /* AppDelegate.swift in Sources */ = {isa = PBXBuildFile; fileRef = 8AF26A5523FCAF1700CF3F18 /* AppDelegate.swift */; };
		8AF26A5823FCAF1700CF3F18 /* SceneDelegate.swift in Sources */ = {isa = PBXBuildFile; fileRef = 8AF26A5723FCAF1700CF3F18 /* SceneDelegate.swift */; };
		8AF26A5D23FCAF1700CF3F18 /* Main.storyboard in Resources */ = {isa = PBXBuildFile; fileRef = 8AF26A5B23FCAF1700CF3F18 /* Main.storyboard */; };
		8AF26A5F23FCAF1800CF3F18 /* Assets.xcassets in Resources */ = {isa = PBXBuildFile; fileRef = 8AF26A5E23FCAF1800CF3F18 /* Assets.xcassets */; };
		8AF26A6223FCAF1800CF3F18 /* LaunchScreen.storyboard in Resources */ = {isa = PBXBuildFile; fileRef = 8AF26A6023FCAF1800CF3F18 /* LaunchScreen.storyboard */; };
		8AF26A6D23FCAF6900CF3F18 /* SWRevealViewController.m in Sources */ = {isa = PBXBuildFile; fileRef = 8AF26A6B23FCAF6900CF3F18 /* SWRevealViewController.m */; };
		8AF26A7223FCB2E500CF3F18 /* ChatVC.swift in Sources */ = {isa = PBXBuildFile; fileRef = 8AF26A7123FCB2E500CF3F18 /* ChatVC.swift */; };
		8AF26A7423FCB30C00CF3F18 /* ChannelVC.swift in Sources */ = {isa = PBXBuildFile; fileRef = 8AF26A7323FCB30C00CF3F18 /* ChannelVC.swift */; };
/* End PBXBuildFile section */

/* Begin PBXFileReference section */
		0CA621E46C50606F7D512378 /* Pods_Ssmack.framework */ = {isa = PBXFileReference; explicitFileType = wrapper.framework; includeInIndex = 0; path = Pods_Ssmack.framework; sourceTree = BUILT_PRODUCTS_DIR; };
		8AF26A5223FCAF1700CF3F18 /* Ssmack.app */ = {isa = PBXFileReference; explicitFileType = wrapper.application; includeInIndex = 0; path = Ssmack.app; sourceTree = BUILT_PRODUCTS_DIR; };
		8AF26A5523FCAF1700CF3F18 /* AppDelegate.swift */ = {isa = PBXFileReference; lastKnownFileType = sourcecode.swift; path = AppDelegate.swift; sourceTree = "<group>"; };
		8AF26A5723FCAF1700CF3F18 /* SceneDelegate.swift */ = {isa = PBXFileReference; lastKnownFileType = sourcecode.swift; path = SceneDelegate.swift; sourceTree = "<group>"; };
		8AF26A5C23FCAF1700CF3F18 /* Base */ = {isa = PBXFileReference; lastKnownFileType = file.storyboard; name = Base; path = Base.lproj/Main.storyboard; sourceTree = "<group>"; };
		8AF26A5E23FCAF1800CF3F18 /* Assets.xcassets */ = {isa = PBXFileReference; lastKnownFileType = folder.assetcatalog; path = Assets.xcassets; sourceTree = "<group>"; };
		8AF26A6123FCAF1800CF3F18 /* Base */ = {isa = PBXFileReference; lastKnownFileType = file.storyboard; name = Base; path = Base.lproj/LaunchScreen.storyboard; sourceTree = "<group>"; };
		8AF26A6323FCAF1800CF3F18 /* Info.plist */ = {isa = PBXFileReference; lastKnownFileType = text.plist.xml; path = Info.plist; sourceTree = "<group>"; };
		8AF26A6A23FCAF6800CF3F18 /* Ssmack-Bridging-Header.h */ = {isa = PBXFileReference; lastKnownFileType = sourcecode.c.h; path = "Ssmack-Bridging-Header.h"; sourceTree = "<group>"; };
		8AF26A6B23FCAF6900CF3F18 /* SWRevealViewController.m */ = {isa = PBXFileReference; fileEncoding = 4; lastKnownFileType = sourcecode.c.objc; path = SWRevealViewController.m; sourceTree = "<group>"; };
		8AF26A6C23FCAF6900CF3F18 /* SWRevealViewController.h */ = {isa = PBXFileReference; fileEncoding = 4; lastKnownFileType = sourcecode.c.h; path = SWRevealViewController.h; sourceTree = "<group>"; };
		8AF26A7123FCB2E500CF3F18 /* ChatVC.swift */ = {isa = PBXFileReference; lastKnownFileType = sourcecode.swift; path = ChatVC.swift; sourceTree = "<group>"; };
		8AF26A7323FCB30C00CF3F18 /* ChannelVC.swift */ = {isa = PBXFileReference; lastKnownFileType = sourcecode.swift; path = ChannelVC.swift; sourceTree = "<group>"; };
		8D39FF5FD68752A97546097B /* Pods-Ssmack.debug.xcconfig */ = {isa = PBXFileReference; includeInIndex = 1; lastKnownFileType = text.xcconfig; name = "Pods-Ssmack.debug.xcconfig"; path = "Target Support Files/Pods-Ssmack/Pods-Ssmack.debug.xcconfig"; sourceTree = "<group>"; };
		B89CF1D90315F88A952CC5F1 /* Pods-Ssmack.release.xcconfig */ = {isa = PBXFileReference; includeInIndex = 1; lastKnownFileType = text.xcconfig; name = "Pods-Ssmack.release.xcconfig"; path = "Target Support Files/Pods-Ssmack/Pods-Ssmack.release.xcconfig"; sourceTree = "<group>"; };
/* End PBXFileReference section */

/* Begin PBXFrameworksBuildPhase section */
		8AF26A4F23FCAF1700CF3F18 /* Frameworks */ = {
			isa = PBXFrameworksBuildPhase;
			buildActionMask = 2147483647;
			files = (
				0498B7E68808AA60F242C66F /* Pods_Ssmack.framework in Frameworks */,
			);
			runOnlyForDeploymentPostprocessing = 0;
		};
/* End PBXFrameworksBuildPhase section */

/* Begin PBXGroup section */
		20AD0BD76B27F8CC72054629 /* Pods */ = {
			isa = PBXGroup;
			children = (
				8D39FF5FD68752A97546097B /* Pods-Ssmack.debug.xcconfig */,
				B89CF1D90315F88A952CC5F1 /* Pods-Ssmack.release.xcconfig */,
			);
			path = Pods;
			sourceTree = "<group>";
		};
		65A048562377C397A2807538 /* Frameworks */ = {
			isa = PBXGroup;
			children = (
				0CA621E46C50606F7D512378 /* Pods_Ssmack.framework */,
			);
			name = Frameworks;
			sourceTree = "<group>";
		};
		8AF26A4923FCAF1700CF3F18 = {
			isa = PBXGroup;
			children = (
				8AF26A5423FCAF1700CF3F18 /* Ssmack */,
				8AF26A5323FCAF1700CF3F18 /* Products */,
				20AD0BD76B27F8CC72054629 /* Pods */,
				65A048562377C397A2807538 /* Frameworks */,
			);
			sourceTree = "<group>";
		};
		8AF26A5323FCAF1700CF3F18 /* Products */ = {
			isa = PBXGroup;
			children = (
				8AF26A5223FCAF1700CF3F18 /* Ssmack.app */,
			);
			name = Products;
			sourceTree = "<group>";
		};
		8AF26A5423FCAF1700CF3F18 /* Ssmack */ = {
			isa = PBXGroup;
			children = (
				8AF26A7023FCB20E00CF3F18 /* Model */,
				8AF26A6F23FCB20100CF3F18 /* View */,
				8AF26A6E23FCB1DE00CF3F18 /* Controller */,
				8AF26A6923FCAF2200CF3F18 /* Supporting files */,
				8AF26A5523FCAF1700CF3F18 /* AppDelegate.swift */,
				8AF26A5723FCAF1700CF3F18 /* SceneDelegate.swift */,
				8AF26A5B23FCAF1700CF3F18 /* Main.storyboard */,
				8AF26A5E23FCAF1800CF3F18 /* Assets.xcassets */,
				8AF26A6023FCAF1800CF3F18 /* LaunchScreen.storyboard */,
				8AF26A6323FCAF1800CF3F18 /* Info.plist */,
			);
			path = Ssmack;
			sourceTree = "<group>";
		};
		8AF26A6923FCAF2200CF3F18 /* Supporting files */ = {
			isa = PBXGroup;
			children = (
				8AF26A6C23FCAF6900CF3F18 /* SWRevealViewController.h */,
				8AF26A6B23FCAF6900CF3F18 /* SWRevealViewController.m */,
				8AF26A6A23FCAF6800CF3F18 /* Ssmack-Bridging-Header.h */,
			);
			path = "Supporting files";
			sourceTree = "<group>";
		};
		8AF26A6E23FCB1DE00CF3F18 /* Controller */ = {
			isa = PBXGroup;
			children = (
				8AF26A7123FCB2E500CF3F18 /* ChatVC.swift */,
				8AF26A7323FCB30C00CF3F18 /* ChannelVC.swift */,
			);
			path = Controller;
			sourceTree = "<group>";
		};
		8AF26A6F23FCB20100CF3F18 /* View */ = {
			isa = PBXGroup;
			children = (
			);
			path = View;
			sourceTree = "<group>";
		};
		8AF26A7023FCB20E00CF3F18 /* Model */ = {
			isa = PBXGroup;
			children = (
			);
			path = Model;
			sourceTree = "<group>";
		};
/* End PBXGroup section */

/* Begin PBXNativeTarget section */
		8AF26A5123FCAF1700CF3F18 /* Ssmack */ = {
			isa = PBXNativeTarget;
			buildConfigurationList = 8AF26A6623FCAF1800CF3F18 /* Build configuration list for PBXNativeTarget "Ssmack" */;
			buildPhases = (
				7CB3E4E67B15FA60DCF77371 /* [CP] Check Pods Manifest.lock */,
				8AF26A4E23FCAF1700CF3F18 /* Sources */,
				8AF26A4F23FCAF1700CF3F18 /* Frameworks */,
				8AF26A5023FCAF1700CF3F18 /* Resources */,
				4DC75070DAE160D1748EDE6B /* [CP] Embed Pods Frameworks */,
			);
			buildRules = (
			);
			dependencies = (
			);
			name = Ssmack;
			productName = Ssmack;
			productReference = 8AF26A5223FCAF1700CF3F18 /* Ssmack.app */;
			productType = "com.apple.product-type.application";
		};
/* End PBXNativeTarget section */

/* Begin PBXProject section */
		8AF26A4A23FCAF1700CF3F18 /* Project object */ = {
			isa = PBXProject;
			attributes = {
				LastSwiftUpdateCheck = 1110;
				LastUpgradeCheck = 1110;
				ORGANIZATIONNAME = edu.data;
				TargetAttributes = {
					8AF26A5123FCAF1700CF3F18 = {
						CreatedOnToolsVersion = 11.1;
						LastSwiftMigration = 1110;
					};
				};
			};
			buildConfigurationList = 8AF26A4D23FCAF1700CF3F18 /* Build configuration list for PBXProject "Ssmack" */;
			compatibilityVersion = "Xcode 9.3";
			developmentRegion = en;
			hasScannedForEncodings = 0;
			knownRegions = (
				en,
				Base,
			);
			mainGroup = 8AF26A4923FCAF1700CF3F18;
			productRefGroup = 8AF26A5323FCAF1700CF3F18 /* Products */;
			projectDirPath = "";
			projectRoot = "";
			targets = (
				8AF26A5123FCAF1700CF3F18 /* Ssmack */,
			);
		};
/* End PBXProject section */

/* Begin PBXResourcesBuildPhase section */
		8AF26A5023FCAF1700CF3F18 /* Resources */ = {
			isa = PBXResourcesBuildPhase;
			buildActionMask = 2147483647;
			files = (
				8AF26A6223FCAF1800CF3F18 /* LaunchScreen.storyboard in Resources */,
				8AF26A5F23FCAF1800CF3F18 /* Assets.xcassets in Resources */,
				8AF26A5D23FCAF1700CF3F18 /* Main.storyboard in Resources */,
			);
			runOnlyForDeploymentPostprocessing = 0;
		};
/* End PBXResourcesBuildPhase section */

/* Begin PBXShellScriptBuildPhase section */
		4DC75070DAE160D1748EDE6B /* [CP] Embed Pods Frameworks */ = {
			isa = PBXShellScriptBuildPhase;
			buildActionMask = 2147483647;
			files = (
			);
			inputFileListPaths = (
				"${PODS_ROOT}/Target Support Files/Pods-Ssmack/Pods-Ssmack-frameworks-${CONFIGURATION}-input-files.xcfilelist",
			);
			name = "[CP] Embed Pods Frameworks";
			outputFileListPaths = (
				"${PODS_ROOT}/Target Support Files/Pods-Ssmack/Pods-Ssmack-frameworks-${CONFIGURATION}-output-files.xcfilelist",
			);
			runOnlyForDeploymentPostprocessing = 0;
			shellPath = /bin/sh;
			shellScript = "\"${PODS_ROOT}/Target Support Files/Pods-Ssmack/Pods-Ssmack-frameworks.sh\"\n";
			showEnvVarsInLog = 0;
		};
		7CB3E4E67B15FA60DCF77371 /* [CP] Check Pods Manifest.lock */ = {
			isa = PBXShellScriptBuildPhase;
			buildActionMask = 2147483647;
			files = (
			);
			inputFileListPaths = (
			);
			inputPaths = (
				"${PODS_PODFILE_DIR_PATH}/Podfile.lock",
				"${PODS_ROOT}/Manifest.lock",
			);
			name = "[CP] Check Pods Manifest.lock";
			outputFileListPaths = (
			);
			outputPaths = (
				"$(DERIVED_FILE_DIR)/Pods-Ssmack-checkManifestLockResult.txt",
			);
			runOnlyForDeploymentPostprocessing = 0;
			shellPath = /bin/sh;
			shellScript = "diff \"${PODS_PODFILE_DIR_PATH}/Podfile.lock\" \"${PODS_ROOT}/Manifest.lock\" > /dev/null\nif [ $? != 0 ] ; then\n    # print error to STDERR\n    echo \"error: The sandbox is not in sync with the Podfile.lock. Run 'pod install' or update your CocoaPods installation.\" >&2\n    exit 1\nfi\n# This output is used by Xcode 'outputs' to avoid re-running this script phase.\necho \"SUCCESS\" > \"${SCRIPT_OUTPUT_FILE_0}\"\n";
			showEnvVarsInLog = 0;
		};
/* End PBXShellScriptBuildPhase section */

/* Begin PBXSourcesBuildPhase section */
		8AF26A4E23FCAF1700CF3F18 /* Sources */ = {
			isa = PBXSourcesBuildPhase;
			buildActionMask = 2147483647;
			files = (
				8AF26A5623FCAF1700CF3F18 /* AppDelegate.swift in Sources */,
				8AF26A5823FCAF1700CF3F18 /* SceneDelegate.swift in Sources */,
				8AF26A6D23FCAF6900CF3F18 /* SWRevealViewController.m in Sources */,
				8AF26A7423FCB30C00CF3F18 /* ChannelVC.swift in Sources */,
				8AF26A7223FCB2E500CF3F18 /* ChatVC.swift in Sources */,
			);
			runOnlyForDeploymentPostprocessing = 0;
		};
/* End PBXSourcesBuildPhase section */

/* Begin PBXVariantGroup section */
		8AF26A5B23FCAF1700CF3F18 /* Main.storyboard */ = {
			isa = PBXVariantGroup;
			children = (
				8AF26A5C23FCAF1700CF3F18 /* Base */,
			);
			name = Main.storyboard;
			sourceTree = "<group>";
		};
		8AF26A6023FCAF1800CF3F18 /* LaunchScreen.storyboard */ = {
			isa = PBXVariantGroup;
			children = (
				8AF26A6123FCAF1800CF3F18 /* Base */,
			);
			name = LaunchScreen.storyboard;
			sourceTree = "<group>";
		};
/* End PBXVariantGroup section */

/* Begin XCBuildConfiguration section */
		8AF26A6423FCAF1800CF3F18 /* Debug */ = {
			isa = XCBuildConfiguration;
			buildSettings = {
				ALWAYS_SEARCH_USER_PATHS = NO;
				CLANG_ANALYZER_NONNULL = YES;
				CLANG_ANALYZER_NUMBER_OBJECT_CONVERSION = YES_AGGRESSIVE;
				CLANG_CXX_LANGUAGE_STANDARD = "gnu++14";
				CLANG_CXX_LIBRARY = "libc++";
				CLANG_ENABLE_MODULES = YES;
				CLANG_ENABLE_OBJC_ARC = YES;
				CLANG_ENABLE_OBJC_WEAK = YES;
				CLANG_WARN_BLOCK_CAPTURE_AUTORELEASING = YES;
				CLANG_WARN_BOOL_CONVERSION = YES;
				CLANG_WARN_COMMA = YES;
				CLANG_WARN_CONSTANT_CONVERSION = YES;
				CLANG_WARN_DEPRECATED_OBJC_IMPLEMENTATIONS = YES;
				CLANG_WARN_DIRECT_OBJC_ISA_USAGE = YES_ERROR;
				CLANG_WARN_DOCUMENTATION_COMMENTS = YES;
				CLANG_WARN_EMPTY_BODY = YES;
				CLANG_WARN_ENUM_CONVERSION = YES;
				CLANG_WARN_INFINITE_RECURSION = YES;
				CLANG_WARN_INT_CONVERSION = YES;
				CLANG_WARN_NON_LITERAL_NULL_CONVERSION = YES;
				CLANG_WARN_OBJC_IMPLICIT_RETAIN_SELF = YES;
				CLANG_WARN_OBJC_LITERAL_CONVERSION = YES;
				CLANG_WARN_OBJC_ROOT_CLASS = YES_ERROR;
				CLANG_WARN_RANGE_LOOP_ANALYSIS = YES;
				CLANG_WARN_STRICT_PROTOTYPES = YES;
				CLANG_WARN_SUSPICIOUS_MOVE = YES;
				CLANG_WARN_UNGUARDED_AVAILABILITY = YES_AGGRESSIVE;
				CLANG_WARN_UNREACHABLE_CODE = YES;
				CLANG_WARN__DUPLICATE_METHOD_MATCH = YES;
				COPY_PHASE_STRIP = NO;
				DEBUG_INFORMATION_FORMAT = dwarf;
				ENABLE_STRICT_OBJC_MSGSEND = YES;
				ENABLE_TESTABILITY = YES;
				GCC_C_LANGUAGE_STANDARD = gnu11;
				GCC_DYNAMIC_NO_PIC = NO;
				GCC_NO_COMMON_BLOCKS = YES;
				GCC_OPTIMIZATION_LEVEL = 0;
				GCC_PREPROCESSOR_DEFINITIONS = (
					"DEBUG=1",
					"$(inherited)",
				);
				GCC_WARN_64_TO_32_BIT_CONVERSION = YES;
				GCC_WARN_ABOUT_RETURN_TYPE = YES_ERROR;
				GCC_WARN_UNDECLARED_SELECTOR = YES;
				GCC_WARN_UNINITIALIZED_AUTOS = YES_AGGRESSIVE;
				GCC_WARN_UNUSED_FUNCTION = YES;
				GCC_WARN_UNUSED_VARIABLE = YES;
				IPHONEOS_DEPLOYMENT_TARGET = 13.1;
				MTL_ENABLE_DEBUG_INFO = INCLUDE_SOURCE;
				MTL_FAST_MATH = YES;
				ONLY_ACTIVE_ARCH = YES;
				SDKROOT = iphoneos;
				SWIFT_ACTIVE_COMPILATION_CONDITIONS = DEBUG;
				SWIFT_OPTIMIZATION_LEVEL = "-Onone";
			};
			name = Debug;
		};
		8AF26A6523FCAF1800CF3F18 /* Release */ = {
			isa = XCBuildConfiguration;
			buildSettings = {
				ALWAYS_SEARCH_USER_PATHS = NO;
				CLANG_ANALYZER_NONNULL = YES;
				CLANG_ANALYZER_NUMBER_OBJECT_CONVERSION = YES_AGGRESSIVE;
				CLANG_CXX_LANGUAGE_STANDARD = "gnu++14";
				CLANG_CXX_LIBRARY = "libc++";
				CLANG_ENABLE_MODULES = YES;
				CLANG_ENABLE_OBJC_ARC = YES;
				CLANG_ENABLE_OBJC_WEAK = YES;
				CLANG_WARN_BLOCK_CAPTURE_AUTORELEASING = YES;
				CLANG_WARN_BOOL_CONVERSION = YES;
				CLANG_WARN_COMMA = YES;
				CLANG_WARN_CONSTANT_CONVERSION = YES;
				CLANG_WARN_DEPRECATED_OBJC_IMPLEMENTATIONS = YES;
				CLANG_WARN_DIRECT_OBJC_ISA_USAGE = YES_ERROR;
				CLANG_WARN_DOCUMENTATION_COMMENTS = YES;
				CLANG_WARN_EMPTY_BODY = YES;
				CLANG_WARN_ENUM_CONVERSION = YES;
				CLANG_WARN_INFINITE_RECURSION = YES;
				CLANG_WARN_INT_CONVERSION = YES;
				CLANG_WARN_NON_LITERAL_NULL_CONVERSION = YES;
				CLANG_WARN_OBJC_IMPLICIT_RETAIN_SELF = YES;
				CLANG_WARN_OBJC_LITERAL_CONVERSION = YES;
				CLANG_WARN_OBJC_ROOT_CLASS = YES_ERROR;
				CLANG_WARN_RANGE_LOOP_ANALYSIS = YES;
				CLANG_WARN_STRICT_PROTOTYPES = YES;
				CLANG_WARN_SUSPICIOUS_MOVE = YES;
				CLANG_WARN_UNGUARDED_AVAILABILITY = YES_AGGRESSIVE;
				CLANG_WARN_UNREACHABLE_CODE = YES;
				CLANG_WARN__DUPLICATE_METHOD_MATCH = YES;
				COPY_PHASE_STRIP = NO;
				DEBUG_INFORMATION_FORMAT = "dwarf-with-dsym";
				ENABLE_NS_ASSERTIONS = NO;
				ENABLE_STRICT_OBJC_MSGSEND = YES;
				GCC_C_LANGUAGE_STANDARD = gnu11;
				GCC_NO_COMMON_BLOCKS = YES;
				GCC_WARN_64_TO_32_BIT_CONVERSION = YES;
				GCC_WARN_ABOUT_RETURN_TYPE = YES_ERROR;
				GCC_WARN_UNDECLARED_SELECTOR = YES;
				GCC_WARN_UNINITIALIZED_AUTOS = YES_AGGRESSIVE;
				GCC_WARN_UNUSED_FUNCTION = YES;
				GCC_WARN_UNUSED_VARIABLE = YES;
				IPHONEOS_DEPLOYMENT_TARGET = 13.1;
				MTL_ENABLE_DEBUG_INFO = NO;
				MTL_FAST_MATH = YES;
				SDKROOT = iphoneos;
				SWIFT_COMPILATION_MODE = wholemodule;
				SWIFT_OPTIMIZATION_LEVEL = "-O";
				VALIDATE_PRODUCT = YES;
			};
			name = Release;
		};
		8AF26A6723FCAF1800CF3F18 /* Debug */ = {
			isa = XCBuildConfiguration;
			baseConfigurationReference = 8D39FF5FD68752A97546097B /* Pods-Ssmack.debug.xcconfig */;
			buildSettings = {
				ASSETCATALOG_COMPILER_APPICON_NAME = AppIcon;
				CLANG_ENABLE_MODULES = YES;
				CODE_SIGN_STYLE = Automatic;
				INFOPLIST_FILE = Ssmack/Info.plist;
				LD_RUNPATH_SEARCH_PATHS = (
					"$(inherited)",
					"@executable_path/Frameworks",
				);
				PRODUCT_BUNDLE_IDENTIFIER = FCI.Ssmack;
				PRODUCT_NAME = "$(TARGET_NAME)";
				SWIFT_OBJC_BRIDGING_HEADER = "Ssmack/Supporting files/Ssmack-Bridging-Header.h";
				SWIFT_OPTIMIZATION_LEVEL = "-Onone";
				SWIFT_VERSION = 5.0;
				TARGETED_DEVICE_FAMILY = "1,2";
			};
			name = Debug;
		};
		8AF26A6823FCAF1800CF3F18 /* Release */ = {
			isa = XCBuildConfiguration;
			baseConfigurationReference = B89CF1D90315F88A952CC5F1 /* Pods-Ssmack.release.xcconfig */;
			buildSettings = {
				ASSETCATALOG_COMPILER_APPICON_NAME = AppIcon;
				CLANG_ENABLE_MODULES = YES;
				CODE_SIGN_STYLE = Automatic;
				INFOPLIST_FILE = Ssmack/Info.plist;
				LD_RUNPATH_SEARCH_PATHS = (
					"$(inherited)",
					"@executable_path/Frameworks",
				);
				PRODUCT_BUNDLE_IDENTIFIER = FCI.Ssmack;
				PRODUCT_NAME = "$(TARGET_NAME)";
				SWIFT_OBJC_BRIDGING_HEADER = "Ssmack/Supporting files/Ssmack-Bridging-Header.h";
				SWIFT_VERSION = 5.0;
				TARGETED_DEVICE_FAMILY = "1,2";
			};
			name = Release;
		};
/* End XCBuildConfiguration section */

/* Begin XCConfigurationList section */
		8AF26A4D23FCAF1700CF3F18 /* Build configuration list for PBXProject "Ssmack" */ = {
			isa = XCConfigurationList;
			buildConfigurations = (
				8AF26A6423FCAF1800CF3F18 /* Debug */,
				8AF26A6523FCAF1800CF3F18 /* Release */,
			);
			defaultConfigurationIsVisible = 0;
			defaultConfigurationName = Release;
		};
		8AF26A6623FCAF1800CF3F18 /* Build configuration list for PBXNativeTarget "Ssmack" */ = {
			isa = XCConfigurationList;
			buildConfigurations = (
				8AF26A6723FCAF1800CF3F18 /* Debug */,
				8AF26A6823FCAF1800CF3F18 /* Release */,
			);
			defaultConfigurationIsVisible = 0;
			defaultConfigurationName = Release;
		};
/* End XCConfigurationList section */
	};
	rootObject = 8AF26A4A23FCAF1700CF3F18 /* Project object */;
}
